
Microsoft Visual Studio Solution File, Format Version 12.00
# Visual Studio 15
VisualStudioVersion = 15.0.28307.489
MinimumVisualStudioVersion = 10.0.40219.1
Project("{FAE04EC0-301F-11D3-BF4B-00C04F79EFBC}") = "SampleArchitecture", "SampleArchitecture\SampleArchitecture.csproj", "{F13F7A82-59C2-4E22-8770-DC6E0CBCFEB4}"
EndProject
Global
	GlobalSection(SolutionConfigurationPlatforms) = preSolution
		Debug|Any CPU = Debug|Any CPU
		Release|Any CPU = Release|Any CPU
	EndGlobalSection
	GlobalSection(ProjectConfigurationPlatforms) = postSolution
		{F13F7A82-59C2-4E22-8770-DC6E0CBCFEB4}.Debug|Any CPU.ActiveCfg = Debug|Any CPU
		{F13F7A82-59C2-4E22-8770-DC6E0CBCFEB4}.Debug|Any CPU.Build.0 = Debug|Any CPU
		{F13F7A82-59C2-4E22-8770-DC6E0CBCFEB4}.Release|Any CPU.ActiveCfg = Release|Any CPU
		{F13F7A82-59C2-4E22-8770-DC6E0CBCFEB4}.Release|Any CPU.Build.0 = Release|Any CPU
	EndGlobalSection
	GlobalSection(SolutionProperties) = preSolution
		HideSolutionNode = FALSE
	EndGlobalSection
	GlobalSection(ExtensibilityGlobals) = postSolution
		SolutionGuid = {38A69DA4-643B-4439-9FC5-637F30F2A463}
	EndGlobalSection
EndGlobal
